
Microsoft Visual Studio Solution File, Format Version 12.00
# Visual Studio 15
VisualStudioVersion = 15.0.27004.2002
MinimumVisualStudioVersion = 10.0.40219.1
Project("{FAE04EC0-301F-11D3-BF4B-00C04F79EFBC}") = "Starcounter.Linq", "src\Starcounter.Linq.csproj", "{DF08E065-AAF1-42DB-A92E-D288154F5663}"
EndProject
Project("{FAE04EC0-301F-11D3-BF4B-00C04F79EFBC}") = "Sandbox", "test\Sandbox\Sandbox.csproj", "{471F5BC5-FB1F-4D76-9D06-DE76D943BE44}"
EndProject
Project("{FAE04EC0-301F-11D3-BF4B-00C04F79EFBC}") = "Demo", "test\Demo\Demo.csproj", "{3F282C79-FC3D-482C-8287-7471594A060E}"
EndProject
Project("{FAE04EC0-301F-11D3-BF4B-00C04F79EFBC}") = "Starcounter.Linq.Tests", "test\Starcounter.Linq.Tests\Starcounter.Linq.Tests.csproj", "{F39F0151-A278-47BB-8D5F-4A627590E487}"
EndProject
Project("{2150E333-8FDC-42A3-9474-1A3956D46DE8}") = "Solution Items", "Solution Items", "{69E68944-6806-48BD-A48D-9390EC5CC663}"
	ProjectSection(SolutionItems) = preProject
		.gitignore = .gitignore
		README.md = README.md
	EndProjectSection
EndProject
Global
	GlobalSection(SolutionConfigurationPlatforms) = preSolution
		Debug|Any CPU = Debug|Any CPU
		Debug|x64 = Debug|x64
		Release|Any CPU = Release|Any CPU
		Release|x64 = Release|x64
	EndGlobalSection
	GlobalSection(ProjectConfigurationPlatforms) = postSolution
		{DF08E065-AAF1-42DB-A92E-D288154F5663}.Debug|Any CPU.ActiveCfg = Debug|Any CPU
		{DF08E065-AAF1-42DB-A92E-D288154F5663}.Debug|Any CPU.Build.0 = Debug|Any CPU
		{DF08E065-AAF1-42DB-A92E-D288154F5663}.Debug|x64.ActiveCfg = Debug|Any CPU
		{DF08E065-AAF1-42DB-A92E-D288154F5663}.Debug|x64.Build.0 = Debug|Any CPU
		{DF08E065-AAF1-42DB-A92E-D288154F5663}.Release|Any CPU.ActiveCfg = Release|Any CPU
		{DF08E065-AAF1-42DB-A92E-D288154F5663}.Release|Any CPU.Build.0 = Release|Any CPU
		{DF08E065-AAF1-42DB-A92E-D288154F5663}.Release|x64.ActiveCfg = Release|Any CPU
		{DF08E065-AAF1-42DB-A92E-D288154F5663}.Release|x64.Build.0 = Release|Any CPU
		{471F5BC5-FB1F-4D76-9D06-DE76D943BE44}.Debug|Any CPU.ActiveCfg = Debug|Any CPU
		{471F5BC5-FB1F-4D76-9D06-DE76D943BE44}.Debug|Any CPU.Build.0 = Debug|Any CPU
		{471F5BC5-FB1F-4D76-9D06-DE76D943BE44}.Debug|x64.ActiveCfg = Debug|Any CPU
		{471F5BC5-FB1F-4D76-9D06-DE76D943BE44}.Debug|x64.Build.0 = Debug|Any CPU
		{471F5BC5-FB1F-4D76-9D06-DE76D943BE44}.Release|Any CPU.ActiveCfg = Release|Any CPU
		{471F5BC5-FB1F-4D76-9D06-DE76D943BE44}.Release|Any CPU.Build.0 = Release|Any CPU
		{471F5BC5-FB1F-4D76-9D06-DE76D943BE44}.Release|x64.ActiveCfg = Release|Any CPU
		{471F5BC5-FB1F-4D76-9D06-DE76D943BE44}.Release|x64.Build.0 = Release|Any CPU
		{3F282C79-FC3D-482C-8287-7471594A060E}.Debug|Any CPU.ActiveCfg = Debug|x64
		{3F282C79-FC3D-482C-8287-7471594A060E}.Debug|Any CPU.Build.0 = Debug|x64
		{3F282C79-FC3D-482C-8287-7471594A060E}.Debug|x64.ActiveCfg = Debug|x64
		{3F282C79-FC3D-482C-8287-7471594A060E}.Debug|x64.Build.0 = Debug|x64
		{3F282C79-FC3D-482C-8287-7471594A060E}.Release|Any CPU.ActiveCfg = Release|x64
		{3F282C79-FC3D-482C-8287-7471594A060E}.Release|Any CPU.Build.0 = Release|x64
		{3F282C79-FC3D-482C-8287-7471594A060E}.Release|x64.ActiveCfg = Release|x64
		{3F282C79-FC3D-482C-8287-7471594A060E}.Release|x64.Build.0 = Release|x64
		{F39F0151-A278-47BB-8D5F-4A627590E487}.Debug|Any CPU.ActiveCfg = Debug|Any CPU
		{F39F0151-A278-47BB-8D5F-4A627590E487}.Debug|Any CPU.Build.0 = Debug|Any CPU
		{F39F0151-A278-47BB-8D5F-4A627590E487}.Debug|x64.ActiveCfg = Debug|Any CPU
		{F39F0151-A278-47BB-8D5F-4A627590E487}.Debug|x64.Build.0 = Debug|Any CPU
		{F39F0151-A278-47BB-8D5F-4A627590E487}.Release|Any CPU.ActiveCfg = Release|Any CPU
		{F39F0151-A278-47BB-8D5F-4A627590E487}.Release|Any CPU.Build.0 = Release|Any CPU
		{F39F0151-A278-47BB-8D5F-4A627590E487}.Release|x64.ActiveCfg = Release|Any CPU
		{F39F0151-A278-47BB-8D5F-4A627590E487}.Release|x64.Build.0 = Release|Any CPU
	EndGlobalSection
	GlobalSection(SolutionProperties) = preSolution
		HideSolutionNode = FALSE
	EndGlobalSection
	GlobalSection(ExtensibilityGlobals) = postSolution
		SolutionGuid = {46FDB161-53B6-48A2-BD88-C77AF0B37EF6}
	EndGlobalSection
	GlobalSection(Performance) = preSolution
		HasPerformanceSessions = true
	EndGlobalSection
	GlobalSection(Performance) = preSolution
		HasPerformanceSessions = true
	EndGlobalSection
EndGlobal
